Microsoft Visual Studio Solution File, Format Version 11.00
# Visual Studio 2008

Project("{AECC77C6-BFAD-BA88-F455-19B8D2C86BC8}") = "Labyrinth", "Assembly-CSharp.csproj", "{CBEE44B2-AC02-2D81-086E-310C52B2BE1D}"
EndProject
Global
	GlobalSection(SolutionConfigurationPlatforms) = preSolution
		Debug|Any CPU = Debug|Any CPU
		Release|Any CPU = Release|Any CPU
	EndGlobalSection
	GlobalSection(ProjectConfigurationPlatforms) = postSolution
		{CBEE44B2-AC02-2D81-086E-310C52B2BE1D}.Debug|Any CPU.ActiveCfg = Debug|Any CPU
		{CBEE44B2-AC02-2D81-086E-310C52B2BE1D}.Debug|Any CPU.Build.0 = Debug|Any CPU
		{CBEE44B2-AC02-2D81-086E-310C52B2BE1D}.Release|Any CPU.ActiveCfg = Release|Any CPU
		{CBEE44B2-AC02-2D81-086E-310C52B2BE1D}.Release|Any CPU.Build.0 = Release|Any CPU
	EndGlobalSection
	GlobalSection(SolutionProperties) = preSolution
		HideSolutionNode = FALSE
	EndGlobalSection
	GlobalSection(MonoDevelopProperties) = preSolution
		StartupItem = Assembly-CSharp.csproj
	EndGlobalSection
EndGlobal
